
Microsoft Visual Studio Solution File, Format Version 12.00
# Visual Studio Version 16
VisualStudioVersion = 16.0.31424.327
MinimumVisualStudioVersion = 10.0.40219.1
Project("{FAE04EC0-301F-11D3-BF4B-00C04F79EFBC}") = "“Multithreading Sample", "“Multithreading Sample\“Multithreading Sample.csproj", "{ED81D32D-A766-4B8F-AEFB-9752CA2CD0D4}"
EndProject
Global
	GlobalSection(SolutionConfigurationPlatforms) = preSolution
		Debug|Any CPU = Debug|Any CPU
		Release|Any CPU = Release|Any CPU
	EndGlobalSection
	GlobalSection(ProjectConfigurationPlatforms) = postSolution
		{ED81D32D-A766-4B8F-AEFB-9752CA2CD0D4}.Debug|Any CPU.ActiveCfg = Debug|Any CPU
		{ED81D32D-A766-4B8F-AEFB-9752CA2CD0D4}.Debug|Any CPU.Build.0 = Debug|Any CPU
		{ED81D32D-A766-4B8F-AEFB-9752CA2CD0D4}.Release|Any CPU.ActiveCfg = Release|Any CPU
		{ED81D32D-A766-4B8F-AEFB-9752CA2CD0D4}.Release|Any CPU.Build.0 = Release|Any CPU
	EndGlobalSection
	GlobalSection(SolutionProperties) = preSolution
		HideSolutionNode = FALSE
	EndGlobalSection
	GlobalSection(ExtensibilityGlobals) = postSolution
		SolutionGuid = {3840D69D-D777-4277-AD25-FBB82E7D8BBF}
	EndGlobalSection
EndGlobal
